{
  "name": "my-app",
  "version": "0.0.1",
  "lockfileVersion": 1,
  "requires": true,
  "dependencies": {
    "@stencil/core": {
      "version": "2.8.1",
      "resolved": "https://registry.npmjs.org/@stencil/core/-/core-2.8.1.tgz",
      "integrity": "sha512-iv9J6oLO/lv7/aO45M05yw3pp1J7olY400vlOZgdMVs3s5zHfalY1ZPYM0KyqU4+7DZuadKYbd0aQZ/g2PInZw==",
      "dev": true
    },
    "@stencil/postcss": {
      "version": "2.0.0",
      "resolved": "https://registry.npmjs.org/@stencil/postcss/-/postcss-2.0.0.tgz",
      "integrity": "sha512-eTZVQEXb3AGw8A7tstKoOklV6ATXCKASs8VoykyVSYRZCjU0kECM76YgUZkzolwzEq6JG6LVwStT8xpTBSEZ+Q==",
      "dev": true,
      "requires": {
        "postcss": "~8.2.1"
      }
    },
    "@stencil/router": {
      "version": "2.0.0-2",
      "resolved": "https://registry.npmjs.org/@stencil/router/-/router-2.0.0-2.tgz",
      "integrity": "sha512-GTRZC/kttqUyFuu/mb3ua3MmLFXhS9q1msWfNquopuVYH7j29LclQ/13nV7sLR8h3BWNKWOYjLSIykhxKJ6UUw==",
      "dev": true,
      "requires": {
        "@stencil/store": "^1.1.0"
      }
    },
    "@stencil/store": {
      "version": "1.4.1",
      "resolved": "https://registry.npmjs.org/@stencil/store/-/store-1.4.1.tgz",
      "integrity": "sha512-kAtMblucNnDNfTpSqhN9jccExgFWmOe+4U98cXZJrg/6nozNtEd92pY6s3Jko7KUrZ+1MQJU2oLwwS8VuyK3Zg==",
      "dev": true
    },
    "autoprefixer": {
      "version": "10.3.4",
      "resolved": "https://registry.npmjs.org/autoprefixer/-/autoprefixer-10.3.4.tgz",
      "integrity": "sha512-EKjKDXOq7ug+jagLzmnoTRpTT0q1KVzEJqrJd0hCBa7FiG0WbFOBCcJCy2QkW1OckpO3qgttA1aWjVbeIPAecw==",
      "dev": true,
      "requires": {
        "browserslist": "^4.16.8",
        "caniuse-lite": "^1.0.30001252",
        "colorette": "^1.3.0",
        "fraction.js": "^4.1.1",
        "normalize-range": "^0.1.2",
        "postcss-value-parser": "^4.1.0"
      }
    },
    "browserslist": {
      "version": "4.17.0",
      "resolved": "https://registry.npmjs.org/browserslist/-/browserslist-4.17.0.tgz",
      "integrity": "sha512-g2BJ2a0nEYvEFQC208q8mVAhfNwpZ5Mu8BwgtCdZKO3qx98HChmeg448fPdUzld8aFmfLgVh7yymqV+q1lJZ5g==",
      "dev": true,
      "requires": {
        "caniuse-lite": "^1.0.30001254",
        "colorette": "^1.3.0",
        "electron-to-chromium": "^1.3.830",
        "escalade": "^3.1.1",
        "node-releases": "^1.1.75"
      }
    },
    "caniuse-lite": {
      "version": "1.0.30001259",
      "resolved": "https://registry.npmjs.org/caniuse-lite/-/caniuse-lite-1.0.30001259.tgz",
      "integrity": "sha512-V7mQTFhjITxuk9zBpI6nYsiTXhcPe05l+364nZjK7MFK/E7ibvYBSAXr4YcA6oPR8j3ZLM/LN+lUqUVAQEUZFg==",
      "dev": true
    },
    "colorette": {
      "version": "1.4.0",
      "resolved": "https://registry.npmjs.org/colorette/-/colorette-1.4.0.tgz",
      "integrity": "sha512-Y2oEozpomLn7Q3HFP7dpww7AtMJplbM9lGZP6RDfHqmbeRjiwRg4n6VM6j4KLmRke85uWEI7JqF17f3pqdRA0g==",
      "dev": true
    },
    "electron-to-chromium": {
      "version": "1.3.845",
      "resolved": "https://registry.npmjs.org/electron-to-chromium/-/electron-to-chromium-1.3.845.tgz",
      "integrity": "sha512-y0RorqmExFDI4RjLEC6j365bIT5UAXf9WIRcknvSFHVhbC/dRnCgJnPA3DUUW6SCC85QGKEafgqcHJ6uPdEP1Q==",
      "dev": true
    },
    "escalade": {
      "version": "3.1.1",
      "resolved": "https://registry.npmjs.org/escalade/-/escalade-3.1.1.tgz",
      "integrity": "sha512-k0er2gUkLf8O0zKJiAhmkTnJlTvINGv7ygDNPbeIsX/TJjGJZHuh9B2UxbsaEkmlEo9MfhrSzmhIlhRlI2GXnw==",
      "dev": true
    },
    "fraction.js": {
      "version": "4.1.1",
      "resolved": "https://registry.npmjs.org/fraction.js/-/fraction.js-4.1.1.tgz",
      "integrity": "sha512-MHOhvvxHTfRFpF1geTK9czMIZ6xclsEor2wkIGYYq+PxcQqT7vStJqjhe6S1TenZrMZzo+wlqOufBDVepUEgPg==",
      "dev": true
    },
    "nanoid": {
      "version": "3.1.25",
      "resolved": "https://registry.npmjs.org/nanoid/-/nanoid-3.1.25.tgz",
      "integrity": "sha512-rdwtIXaXCLFAQbnfqDRnI6jaRHp9fTcYBjtFKE8eezcZ7LuLjhUaQGNeMXf1HmRoCH32CLz6XwX0TtxEOS/A3Q==",
      "dev": true
    },
    "node-releases": {
      "version": "1.1.76",
      "resolved": "https://registry.npmjs.org/node-releases/-/node-releases-1.1.76.tgz",
      "integrity": "sha512-9/IECtNr8dXNmPWmFXepT0/7o5eolGesHUa3mtr0KlgnCvnZxwh2qensKL42JJY2vQKC3nIBXetFAqR+PW1CmA==",
      "dev": true
    },
    "normalize-range": {
      "version": "0.1.2",
      "resolved": "https://registry.npmjs.org/normalize-range/-/normalize-range-0.1.2.tgz",
      "integrity": "sha1-LRDAa9/TEuqXd2laTShDlFa3WUI=",
      "dev": true
    },
    "postcss": {
      "version": "8.2.15",
      "resolved": "https://registry.npmjs.org/postcss/-/postcss-8.2.15.tgz",
      "integrity": "sha512-2zO3b26eJD/8rb106Qu2o7Qgg52ND5HPjcyQiK2B98O388h43A448LCslC0dI2P97wCAQRJsFvwTRcXxTKds+Q==",
      "dev": true,
      "requires": {
        "colorette": "^1.2.2",
        "nanoid": "^3.1.23",
        "source-map": "^0.6.1"
      }
    },
    "postcss-value-parser": {
      "version": "4.1.0",
      "resolved": "https://registry.npmjs.org/postcss-value-parser/-/postcss-value-parser-4.1.0.tgz",
      "integrity": "sha512-97DXOFbQJhk71ne5/Mt6cOu6yxsSfM0QGQyl0L25Gca4yGWEGJaig7l7gbCX623VqTBNGLRLaVUCnNkcedlRSQ==",
      "dev": true
    },
    "source-map": {
      "version": "0.6.1",
      "resolved": "https://registry.npmjs.org/source-map/-/source-map-0.6.1.tgz",
      "integrity": "sha512-UjgapumWlbMhkBgzT7Ykc5YXUT46F0iKu8SGXq0bcwP5dz/h0Plj6enJqjz1Zbq2l5WaqYnrVbwWOWMyF3F47g==",
      "dev": true
    }
  }
}
