{
  "name": "my-app",
  "version": "0.0.1",
  "lockfileVersion": 1,
  "requires": true,
  "dependencies": {
    "@stencil/core": {
      "version": "2.7.0",
      "resolved": "https://registry.npmjs.org/@stencil/core/-/core-2.7.0.tgz",
      "integrity": "sha512-5TyOQQzAkvKACRCvjOF4Uq2T527T8WJ9u+EEwtoBA88b7PFjrgI1wbEFAkYGJLghvKi/ED+arV+NiH3ZnbVKXg==",
      "dev": true
    },
    "@stencil/store": {
      "version": "1.4.1",
      "resolved": "https://registry.npmjs.org/@stencil/store/-/store-1.4.1.tgz",
      "integrity": "sha512-kAtMblucNnDNfTpSqhN9jccExgFWmOe+4U98cXZJrg/6nozNtEd92pY6s3Jko7KUrZ+1MQJU2oLwwS8VuyK3Zg==",
      "dev": true
    },
    "stencil-router-v2": {
      "version": "0.6.0",
      "resolved": "https://registry.npmjs.org/stencil-router-v2/-/stencil-router-v2-0.6.0.tgz",
      "integrity": "sha512-E6ncNTIbFOleADelSQ7V/aSkZvdyTW8OKpPqxLi3AdUf8EwN0vZAMsIKHyPPS2hHLCh2/qNyVb/pbnzOszYBCw==",
      "dev": true,
      "requires": {
        "@stencil/store": "^1.1.0"
      }
    }
  }
}
